
Microsoft Visual Studio Solution File, Format Version 12.00
# Visual Studio Version 17
VisualStudioVersion = 17.8.34330.188
MinimumVisualStudioVersion = 10.0.40219.1
Project("{9A19103F-16F7-4668-BE54-9A1E7A4F7556}") = "Stage0", "Stage0\Stage0.csproj", "{7C2A904C-4F70-4603-B2FF-291C7A446594}"
EndProject
Project("{2150E333-8FDC-42A3-9474-1A3956D46DE8}") = "Solution Items", "Solution Items", "{E00735D8-3188-419E-BE3B-66EB80B11A77}"
	ProjectSection(SolutionItems) = preProject
		README.md = README.md
	EndProjectSection
EndProject
Project("{9A19103F-16F7-4668-BE54-9A1E7A4F7556}") = "DalFacade", "DalFacade\DalFacade.csproj", "{99069580-F5CD-49E7-9B56-3BA49F57F985}"
EndProject
Project("{9A19103F-16F7-4668-BE54-9A1E7A4F7556}") = "DalList", "DalList\DalList.csproj", "{C91A410D-3AD1-43F6-98A7-201F7333955A}"
EndProject
Project("{9A19103F-16F7-4668-BE54-9A1E7A4F7556}") = "DalTest", "DalTest\DalTest.csproj", "{FF920346-22A1-48CF-8259-2B7E6F52CD92}"
EndProject
Project("{FAE04EC0-301F-11D3-BF4B-00C04F79EFBC}") = "DalXml,", "DalXml,\DalXml,.csproj", "{AB37519D-49D7-4C97-A6FA-ABFF5CB2648E}"
EndProject
Global
	GlobalSection(SolutionConfigurationPlatforms) = preSolution
		Debug|Any CPU = Debug|Any CPU
		Release|Any CPU = Release|Any CPU
	EndGlobalSection
	GlobalSection(ProjectConfigurationPlatforms) = postSolution
		{7C2A904C-4F70-4603-B2FF-291C7A446594}.Debug|Any CPU.ActiveCfg = Debug|Any CPU
		{7C2A904C-4F70-4603-B2FF-291C7A446594}.Debug|Any CPU.Build.0 = Debug|Any CPU
		{7C2A904C-4F70-4603-B2FF-291C7A446594}.Release|Any CPU.ActiveCfg = Release|Any CPU
		{7C2A904C-4F70-4603-B2FF-291C7A446594}.Release|Any CPU.Build.0 = Release|Any CPU
		{99069580-F5CD-49E7-9B56-3BA49F57F985}.Debug|Any CPU.ActiveCfg = Debug|Any CPU
		{99069580-F5CD-49E7-9B56-3BA49F57F985}.Debug|Any CPU.Build.0 = Debug|Any CPU
		{99069580-F5CD-49E7-9B56-3BA49F57F985}.Release|Any CPU.ActiveCfg = Release|Any CPU
		{99069580-F5CD-49E7-9B56-3BA49F57F985}.Release|Any CPU.Build.0 = Release|Any CPU
		{C91A410D-3AD1-43F6-98A7-201F7333955A}.Debug|Any CPU.ActiveCfg = Debug|Any CPU
		{C91A410D-3AD1-43F6-98A7-201F7333955A}.Debug|Any CPU.Build.0 = Debug|Any CPU
		{C91A410D-3AD1-43F6-98A7-201F7333955A}.Release|Any CPU.ActiveCfg = Release|Any CPU
		{C91A410D-3AD1-43F6-98A7-201F7333955A}.Release|Any CPU.Build.0 = Release|Any CPU
		{FF920346-22A1-48CF-8259-2B7E6F52CD92}.Debug|Any CPU.ActiveCfg = Debug|Any CPU
		{FF920346-22A1-48CF-8259-2B7E6F52CD92}.Debug|Any CPU.Build.0 = Debug|Any CPU
		{FF920346-22A1-48CF-8259-2B7E6F52CD92}.Release|Any CPU.ActiveCfg = Release|Any CPU
		{FF920346-22A1-48CF-8259-2B7E6F52CD92}.Release|Any CPU.Build.0 = Release|Any CPU
		{AB37519D-49D7-4C97-A6FA-ABFF5CB2648E}.Debug|Any CPU.ActiveCfg = Debug|Any CPU
		{AB37519D-49D7-4C97-A6FA-ABFF5CB2648E}.Debug|Any CPU.Build.0 = Debug|Any CPU
		{AB37519D-49D7-4C97-A6FA-ABFF5CB2648E}.Release|Any CPU.ActiveCfg = Release|Any CPU
		{AB37519D-49D7-4C97-A6FA-ABFF5CB2648E}.Release|Any CPU.Build.0 = Release|Any CPU
	EndGlobalSection
	GlobalSection(SolutionProperties) = preSolution
		HideSolutionNode = FALSE
	EndGlobalSection
	GlobalSection(ExtensibilityGlobals) = postSolution
		SolutionGuid = {4FE9D68F-BD71-49A6-8555-143362F14F65}
	EndGlobalSection
EndGlobal
