
Microsoft Visual Studio Solution File, Format Version 12.00
# Visual Studio Version 17
VisualStudioVersion = 17.8.34330.188
MinimumVisualStudioVersion = 10.0.40219.1
Project("{2150E333-8FDC-42A3-9474-1A3956D46DE8}") = "Solution Items", "Solution Items", "{E00735D8-3188-419E-BE3B-66EB80B11A77}"
	ProjectSection(SolutionItems) = preProject
		README.md = README.md
	EndProjectSection
EndProject
Project("{9A19103F-16F7-4668-BE54-9A1E7A4F7556}") = "DalFacade", "DalFacade\DalFacade.csproj", "{99069580-F5CD-49E7-9B56-3BA49F57F985}"
EndProject
Project("{9A19103F-16F7-4668-BE54-9A1E7A4F7556}") = "DalList", "DalList\DalList.csproj", "{C91A410D-3AD1-43F6-98A7-201F7333955A}"
EndProject
Project("{9A19103F-16F7-4668-BE54-9A1E7A4F7556}") = "DalTest", "DalTest\DalTest.csproj", "{FF920346-22A1-48CF-8259-2B7E6F52CD92}"
EndProject
Project("{9A19103F-16F7-4668-BE54-9A1E7A4F7556}") = "DalXml", "DalXml,\DalXml.csproj", "{AB37519D-49D7-4C97-A6FA-ABFF5CB2648E}"
EndProject
Project("{2150E333-8FDC-42A3-9474-1A3956D46DE8}") = "xml", "xml", "{107F9522-55F2-4DB1-A43D-35CBC6588594}"
	ProjectSection(SolutionItems) = preProject
		xml\dal-config.xml = xml\dal-config.xml
		xml\data-config.xml = xml\data-config.xml
		xml\dependencys.xml = xml\dependencys.xml
		xml\engineers.xml = xml\engineers.xml
		xml\EngineerTest.xml = xml\EngineerTest.xml
		xml\tasks.xml = xml\tasks.xml
		TaskTest.xml = TaskTest.xml
	EndProjectSection
EndProject
Project("{9A19103F-16F7-4668-BE54-9A1E7A4F7556}") = "BL", "BL\BL.csproj", "{A50E6E4D-255E-4A76-ABD1-F4E44397AD91}"
EndProject
Project("{9A19103F-16F7-4668-BE54-9A1E7A4F7556}") = "BlTest", "BlTest\BlTest.csproj", "{EDE9F8BC-54BE-4BA8-9AB9-C22E6AC326D3}"
EndProject
Project("{2150E333-8FDC-42A3-9474-1A3956D46DE8}") = "nuget", "nuget", "{DF231E06-DA75-49DB-89D6-FEEE9B422D90}"
	ProjectSection(SolutionItems) = preProject
		nuget\README.txt = nuget\README.txt
	EndProjectSection
EndProject
Project("{9A19103F-16F7-4668-BE54-9A1E7A4F7556}") = "PL", "PL\PL.csproj", "{FD727E0A-C3CA-4427-927B-7E477D1F0E89}"
EndProject
Global
	GlobalSection(SolutionConfigurationPlatforms) = preSolution
		Debug|Any CPU = Debug|Any CPU
		Release|Any CPU = Release|Any CPU
	EndGlobalSection
	GlobalSection(ProjectConfigurationPlatforms) = postSolution
		{99069580-F5CD-49E7-9B56-3BA49F57F985}.Debug|Any CPU.ActiveCfg = Debug|Any CPU
		{99069580-F5CD-49E7-9B56-3BA49F57F985}.Debug|Any CPU.Build.0 = Debug|Any CPU
		{99069580-F5CD-49E7-9B56-3BA49F57F985}.Release|Any CPU.ActiveCfg = Release|Any CPU
		{99069580-F5CD-49E7-9B56-3BA49F57F985}.Release|Any CPU.Build.0 = Release|Any CPU
		{C91A410D-3AD1-43F6-98A7-201F7333955A}.Debug|Any CPU.ActiveCfg = Debug|Any CPU
		{C91A410D-3AD1-43F6-98A7-201F7333955A}.Debug|Any CPU.Build.0 = Debug|Any CPU
		{C91A410D-3AD1-43F6-98A7-201F7333955A}.Release|Any CPU.ActiveCfg = Release|Any CPU
		{C91A410D-3AD1-43F6-98A7-201F7333955A}.Release|Any CPU.Build.0 = Release|Any CPU
		{FF920346-22A1-48CF-8259-2B7E6F52CD92}.Debug|Any CPU.ActiveCfg = Debug|Any CPU
		{FF920346-22A1-48CF-8259-2B7E6F52CD92}.Debug|Any CPU.Build.0 = Debug|Any CPU
		{FF920346-22A1-48CF-8259-2B7E6F52CD92}.Release|Any CPU.ActiveCfg = Release|Any CPU
		{FF920346-22A1-48CF-8259-2B7E6F52CD92}.Release|Any CPU.Build.0 = Release|Any CPU
		{AB37519D-49D7-4C97-A6FA-ABFF5CB2648E}.Debug|Any CPU.ActiveCfg = Debug|Any CPU
		{AB37519D-49D7-4C97-A6FA-ABFF5CB2648E}.Debug|Any CPU.Build.0 = Debug|Any CPU
		{AB37519D-49D7-4C97-A6FA-ABFF5CB2648E}.Release|Any CPU.ActiveCfg = Release|Any CPU
		{AB37519D-49D7-4C97-A6FA-ABFF5CB2648E}.Release|Any CPU.Build.0 = Release|Any CPU
		{A50E6E4D-255E-4A76-ABD1-F4E44397AD91}.Debug|Any CPU.ActiveCfg = Debug|Any CPU
		{A50E6E4D-255E-4A76-ABD1-F4E44397AD91}.Debug|Any CPU.Build.0 = Debug|Any CPU
		{A50E6E4D-255E-4A76-ABD1-F4E44397AD91}.Release|Any CPU.ActiveCfg = Release|Any CPU
		{A50E6E4D-255E-4A76-ABD1-F4E44397AD91}.Release|Any CPU.Build.0 = Release|Any CPU
		{EDE9F8BC-54BE-4BA8-9AB9-C22E6AC326D3}.Debug|Any CPU.ActiveCfg = Debug|Any CPU
		{EDE9F8BC-54BE-4BA8-9AB9-C22E6AC326D3}.Debug|Any CPU.Build.0 = Debug|Any CPU
		{EDE9F8BC-54BE-4BA8-9AB9-C22E6AC326D3}.Release|Any CPU.ActiveCfg = Release|Any CPU
		{EDE9F8BC-54BE-4BA8-9AB9-C22E6AC326D3}.Release|Any CPU.Build.0 = Release|Any CPU
		{FD727E0A-C3CA-4427-927B-7E477D1F0E89}.Debug|Any CPU.ActiveCfg = Debug|Any CPU
		{FD727E0A-C3CA-4427-927B-7E477D1F0E89}.Debug|Any CPU.Build.0 = Debug|Any CPU
		{FD727E0A-C3CA-4427-927B-7E477D1F0E89}.Release|Any CPU.ActiveCfg = Release|Any CPU
		{FD727E0A-C3CA-4427-927B-7E477D1F0E89}.Release|Any CPU.Build.0 = Release|Any CPU
	EndGlobalSection
	GlobalSection(SolutionProperties) = preSolution
		HideSolutionNode = FALSE
	EndGlobalSection
	GlobalSection(ExtensibilityGlobals) = postSolution
		SolutionGuid = {4FE9D68F-BD71-49A6-8555-143362F14F65}
	EndGlobalSection
EndGlobal
